
Microsoft Visual Studio Solution File, Format Version 12.00
# Visual Studio Version 17
VisualStudioVersion = 17.13.35931.197
MinimumVisualStudioVersion = 10.0.40219.1
Project("{FAE04EC0-301F-11D3-BF4B-00C04F79EFBC}") = "Dating.APIGateway", "Dating.APIGateway\Dating.APIGateway.csproj", "{A48A4651-60CA-49ED-929D-CD28A7529613}"
EndProject
Project("{FAE04EC0-301F-11D3-BF4B-00C04F79EFBC}") = "Dating.Authentication.API", "Dating.Authentication.API\Dating.Authentication.API.csproj", "{52BAA59B-C475-47E6-B846-D7C74C01DF94}"
EndProject
Project("{FAE04EC0-301F-11D3-BF4B-00C04F79EFBC}") = "Dating.Authentication.Domain", "Dating.Authentication.Domain\Dating.Authentication.Domain.csproj", "{DA02CC65-E7B0-4DAC-A3B4-989297D58F0A}"
EndProject
Project("{FAE04EC0-301F-11D3-BF4B-00C04F79EFBC}") = "Dating.Authentication.Application", "Dating.Authentication.Application\Dating.Authentication.Application.csproj", "{F03BBBFE-CD9E-4CCC-B972-4E4CC6470EEA}"
EndProject
Project("{FAE04EC0-301F-11D3-BF4B-00C04F79EFBC}") = "Dating.Authentication.Infrastructure", "Dating.Authentication.Infrastructure\Dating.Authentication.Infrastructure.csproj", "{18283958-3996-478E-8BAF-0B5487A227FD}"
EndProject
Project("{FAE04EC0-301F-11D3-BF4B-00C04F79EFBC}") = "Dating.Shared", "Dating.Shared\Dating.Shared.csproj", "{264670BA-C74E-4048-A4D9-E6E1F9C385C8}"
EndProject
Project("{FAE04EC0-301F-11D3-BF4B-00C04F79EFBC}") = "Dating.Profile.QueryService.API", "Dating.Profile.QueryService.API\Dating.Profile.QueryService.API.csproj", "{A68EA7C9-5E4A-479C-BD00-8CA874BA9AD1}"
EndProject
Project("{FAE04EC0-301F-11D3-BF4B-00C04F79EFBC}") = "Dating.Profile.Domain", "Dating.Profile.QueryService.Domain\Dating.Profile.Domain.csproj", "{281CFCB0-7E86-473A-978E-588FE9504527}"
EndProject
Project("{FAE04EC0-301F-11D3-BF4B-00C04F79EFBC}") = "Dating.Profile.QueryService.Infrastructure", "Dating.Profile.QueryService.Infrastructure\Dating.Profile.QueryService.Infrastructure.csproj", "{E606276D-E57C-40BF-80C7-A14C693543ED}"
EndProject
Project("{FAE04EC0-301F-11D3-BF4B-00C04F79EFBC}") = "Dating.Profile.CommandService.API", "Dating.Profile.CommandService.API\Dating.Profile.CommandService.API.csproj", "{59CB153A-7ADD-4A18-9F5E-7B4A3101963A}"
EndProject
Project("{FAE04EC0-301F-11D3-BF4B-00C04F79EFBC}") = "Dating.Profile.CommandService.Infrastructure", "Dating.Profile.CommandService.Infrastructure\Dating.Profile.CommandService.Infrastructure.csproj", "{DA5222BD-DB82-4520-B4D6-9DA9D3731B66}"
EndProject
Project("{FAE04EC0-301F-11D3-BF4B-00C04F79EFBC}") = "Dating.Profile.Core", "Dating.Profile.Core\Dating.Profile.Core.csproj", "{92874133-7CBE-4C1C-B32D-10E76725C020}"
EndProject
Project("{FAE04EC0-301F-11D3-BF4B-00C04F79EFBC}") = "Dating.Shared.API", "Dating.Shared.API\Dating.Shared.API.csproj", "{6DEA7A44-2A7A-C92C-2A46-881E2B03BA37}"
EndProject
Project("{FAE04EC0-301F-11D3-BF4B-00C04F79EFBC}") = "Dating.Shared.Application", "Dating.Shared.Application\Dating.Shared.Application.csproj", "{9C9655B3-8300-452B-AB37-9A1CB266946F}"
EndProject
Project("{FAE04EC0-301F-11D3-BF4B-00C04F79EFBC}") = "Dating.Profile.Application", "Dating.Profile.CommandService.Application\Dating.Profile.Application.csproj", "{3D54FDB3-BF42-42E8-88FF-289E54C9B343}"
EndProject
Global
	GlobalSection(SolutionConfigurationPlatforms) = preSolution
		Debug|Any CPU = Debug|Any CPU
		Release|Any CPU = Release|Any CPU
	EndGlobalSection
	GlobalSection(ProjectConfigurationPlatforms) = postSolution
		{A48A4651-60CA-49ED-929D-CD28A7529613}.Debug|Any CPU.ActiveCfg = Debug|Any CPU
		{A48A4651-60CA-49ED-929D-CD28A7529613}.Debug|Any CPU.Build.0 = Debug|Any CPU
		{A48A4651-60CA-49ED-929D-CD28A7529613}.Release|Any CPU.ActiveCfg = Release|Any CPU
		{A48A4651-60CA-49ED-929D-CD28A7529613}.Release|Any CPU.Build.0 = Release|Any CPU
		{52BAA59B-C475-47E6-B846-D7C74C01DF94}.Debug|Any CPU.ActiveCfg = Debug|Any CPU
		{52BAA59B-C475-47E6-B846-D7C74C01DF94}.Debug|Any CPU.Build.0 = Debug|Any CPU
		{52BAA59B-C475-47E6-B846-D7C74C01DF94}.Release|Any CPU.ActiveCfg = Release|Any CPU
		{52BAA59B-C475-47E6-B846-D7C74C01DF94}.Release|Any CPU.Build.0 = Release|Any CPU
		{DA02CC65-E7B0-4DAC-A3B4-989297D58F0A}.Debug|Any CPU.ActiveCfg = Debug|Any CPU
		{DA02CC65-E7B0-4DAC-A3B4-989297D58F0A}.Debug|Any CPU.Build.0 = Debug|Any CPU
		{DA02CC65-E7B0-4DAC-A3B4-989297D58F0A}.Release|Any CPU.ActiveCfg = Release|Any CPU
		{DA02CC65-E7B0-4DAC-A3B4-989297D58F0A}.Release|Any CPU.Build.0 = Release|Any CPU
		{F03BBBFE-CD9E-4CCC-B972-4E4CC6470EEA}.Debug|Any CPU.ActiveCfg = Debug|Any CPU
		{F03BBBFE-CD9E-4CCC-B972-4E4CC6470EEA}.Debug|Any CPU.Build.0 = Debug|Any CPU
		{F03BBBFE-CD9E-4CCC-B972-4E4CC6470EEA}.Release|Any CPU.ActiveCfg = Release|Any CPU
		{F03BBBFE-CD9E-4CCC-B972-4E4CC6470EEA}.Release|Any CPU.Build.0 = Release|Any CPU
		{18283958-3996-478E-8BAF-0B5487A227FD}.Debug|Any CPU.ActiveCfg = Debug|Any CPU
		{18283958-3996-478E-8BAF-0B5487A227FD}.Debug|Any CPU.Build.0 = Debug|Any CPU
		{18283958-3996-478E-8BAF-0B5487A227FD}.Release|Any CPU.ActiveCfg = Release|Any CPU
		{18283958-3996-478E-8BAF-0B5487A227FD}.Release|Any CPU.Build.0 = Release|Any CPU
		{264670BA-C74E-4048-A4D9-E6E1F9C385C8}.Debug|Any CPU.ActiveCfg = Debug|Any CPU
		{264670BA-C74E-4048-A4D9-E6E1F9C385C8}.Debug|Any CPU.Build.0 = Debug|Any CPU
		{264670BA-C74E-4048-A4D9-E6E1F9C385C8}.Release|Any CPU.ActiveCfg = Release|Any CPU
		{264670BA-C74E-4048-A4D9-E6E1F9C385C8}.Release|Any CPU.Build.0 = Release|Any CPU
		{A68EA7C9-5E4A-479C-BD00-8CA874BA9AD1}.Debug|Any CPU.ActiveCfg = Debug|Any CPU
		{A68EA7C9-5E4A-479C-BD00-8CA874BA9AD1}.Debug|Any CPU.Build.0 = Debug|Any CPU
		{A68EA7C9-5E4A-479C-BD00-8CA874BA9AD1}.Release|Any CPU.ActiveCfg = Release|Any CPU
		{A68EA7C9-5E4A-479C-BD00-8CA874BA9AD1}.Release|Any CPU.Build.0 = Release|Any CPU
		{281CFCB0-7E86-473A-978E-588FE9504527}.Debug|Any CPU.ActiveCfg = Debug|Any CPU
		{281CFCB0-7E86-473A-978E-588FE9504527}.Debug|Any CPU.Build.0 = Debug|Any CPU
		{281CFCB0-7E86-473A-978E-588FE9504527}.Release|Any CPU.ActiveCfg = Release|Any CPU
		{281CFCB0-7E86-473A-978E-588FE9504527}.Release|Any CPU.Build.0 = Release|Any CPU
		{E606276D-E57C-40BF-80C7-A14C693543ED}.Debug|Any CPU.ActiveCfg = Debug|Any CPU
		{E606276D-E57C-40BF-80C7-A14C693543ED}.Debug|Any CPU.Build.0 = Debug|Any CPU
		{E606276D-E57C-40BF-80C7-A14C693543ED}.Release|Any CPU.ActiveCfg = Release|Any CPU
		{E606276D-E57C-40BF-80C7-A14C693543ED}.Release|Any CPU.Build.0 = Release|Any CPU
		{59CB153A-7ADD-4A18-9F5E-7B4A3101963A}.Debug|Any CPU.ActiveCfg = Debug|Any CPU
		{59CB153A-7ADD-4A18-9F5E-7B4A3101963A}.Debug|Any CPU.Build.0 = Debug|Any CPU
		{59CB153A-7ADD-4A18-9F5E-7B4A3101963A}.Release|Any CPU.ActiveCfg = Release|Any CPU
		{59CB153A-7ADD-4A18-9F5E-7B4A3101963A}.Release|Any CPU.Build.0 = Release|Any CPU
		{DA5222BD-DB82-4520-B4D6-9DA9D3731B66}.Debug|Any CPU.ActiveCfg = Debug|Any CPU
		{DA5222BD-DB82-4520-B4D6-9DA9D3731B66}.Debug|Any CPU.Build.0 = Debug|Any CPU
		{DA5222BD-DB82-4520-B4D6-9DA9D3731B66}.Release|Any CPU.ActiveCfg = Release|Any CPU
		{DA5222BD-DB82-4520-B4D6-9DA9D3731B66}.Release|Any CPU.Build.0 = Release|Any CPU
		{92874133-7CBE-4C1C-B32D-10E76725C020}.Debug|Any CPU.ActiveCfg = Debug|Any CPU
		{92874133-7CBE-4C1C-B32D-10E76725C020}.Debug|Any CPU.Build.0 = Debug|Any CPU
		{92874133-7CBE-4C1C-B32D-10E76725C020}.Release|Any CPU.ActiveCfg = Release|Any CPU
		{92874133-7CBE-4C1C-B32D-10E76725C020}.Release|Any CPU.Build.0 = Release|Any CPU
		{6DEA7A44-2A7A-C92C-2A46-881E2B03BA37}.Debug|Any CPU.ActiveCfg = Debug|Any CPU
		{6DEA7A44-2A7A-C92C-2A46-881E2B03BA37}.Debug|Any CPU.Build.0 = Debug|Any CPU
		{6DEA7A44-2A7A-C92C-2A46-881E2B03BA37}.Release|Any CPU.ActiveCfg = Release|Any CPU
		{6DEA7A44-2A7A-C92C-2A46-881E2B03BA37}.Release|Any CPU.Build.0 = Release|Any CPU
		{9C9655B3-8300-452B-AB37-9A1CB266946F}.Debug|Any CPU.ActiveCfg = Debug|Any CPU
		{9C9655B3-8300-452B-AB37-9A1CB266946F}.Debug|Any CPU.Build.0 = Debug|Any CPU
		{9C9655B3-8300-452B-AB37-9A1CB266946F}.Release|Any CPU.ActiveCfg = Release|Any CPU
		{9C9655B3-8300-452B-AB37-9A1CB266946F}.Release|Any CPU.Build.0 = Release|Any CPU
		{3D54FDB3-BF42-42E8-88FF-289E54C9B343}.Debug|Any CPU.ActiveCfg = Debug|Any CPU
		{3D54FDB3-BF42-42E8-88FF-289E54C9B343}.Debug|Any CPU.Build.0 = Debug|Any CPU
		{3D54FDB3-BF42-42E8-88FF-289E54C9B343}.Release|Any CPU.ActiveCfg = Release|Any CPU
		{3D54FDB3-BF42-42E8-88FF-289E54C9B343}.Release|Any CPU.Build.0 = Release|Any CPU
	EndGlobalSection
	GlobalSection(SolutionProperties) = preSolution
		HideSolutionNode = FALSE
	EndGlobalSection
	GlobalSection(ExtensibilityGlobals) = postSolution
		SolutionGuid = {9545DB79-F86E-4932-BBE1-EECEA0045DB8}
	EndGlobalSection
EndGlobal
