
Microsoft Visual Studio Solution File, Format Version 12.00
# Visual Studio Version 17
VisualStudioVersion = 17.13.35931.197
MinimumVisualStudioVersion = 10.0.40219.1
Project("{FAE04EC0-301F-11D3-BF4B-00C04F79EFBC}") = "Dating.APIGateway", "Dating.APIGateway\Dating.APIGateway.csproj", "{A48A4651-60CA-49ED-929D-CD28A7529613}"
EndProject
Project("{FAE04EC0-301F-11D3-BF4B-00C04F79EFBC}") = "Dating.Authentication.API", "Dating.Authentication.API\Dating.Authentication.API.csproj", "{52BAA59B-C475-47E6-B846-D7C74C01DF94}"
EndProject
Project("{FAE04EC0-301F-11D3-BF4B-00C04F79EFBC}") = "Dating.Authentication.Domain", "Dating.Authentication.Domain\Dating.Authentication.Domain.csproj", "{DA02CC65-E7B0-4DAC-A3B4-989297D58F0A}"
EndProject
Global
	GlobalSection(SolutionConfigurationPlatforms) = preSolution
		Debug|Any CPU = Debug|Any CPU
		Release|Any CPU = Release|Any CPU
	EndGlobalSection
	GlobalSection(ProjectConfigurationPlatforms) = postSolution
		{A48A4651-60CA-49ED-929D-CD28A7529613}.Debug|Any CPU.ActiveCfg = Debug|Any CPU
		{A48A4651-60CA-49ED-929D-CD28A7529613}.Debug|Any CPU.Build.0 = Debug|Any CPU
		{A48A4651-60CA-49ED-929D-CD28A7529613}.Release|Any CPU.ActiveCfg = Release|Any CPU
		{A48A4651-60CA-49ED-929D-CD28A7529613}.Release|Any CPU.Build.0 = Release|Any CPU
		{52BAA59B-C475-47E6-B846-D7C74C01DF94}.Debug|Any CPU.ActiveCfg = Debug|Any CPU
		{52BAA59B-C475-47E6-B846-D7C74C01DF94}.Debug|Any CPU.Build.0 = Debug|Any CPU
		{52BAA59B-C475-47E6-B846-D7C74C01DF94}.Release|Any CPU.ActiveCfg = Release|Any CPU
		{52BAA59B-C475-47E6-B846-D7C74C01DF94}.Release|Any CPU.Build.0 = Release|Any CPU
		{DA02CC65-E7B0-4DAC-A3B4-989297D58F0A}.Debug|Any CPU.ActiveCfg = Debug|Any CPU
		{DA02CC65-E7B0-4DAC-A3B4-989297D58F0A}.Debug|Any CPU.Build.0 = Debug|Any CPU
		{DA02CC65-E7B0-4DAC-A3B4-989297D58F0A}.Release|Any CPU.ActiveCfg = Release|Any CPU
		{DA02CC65-E7B0-4DAC-A3B4-989297D58F0A}.Release|Any CPU.Build.0 = Release|Any CPU
	EndGlobalSection
	GlobalSection(SolutionProperties) = preSolution
		HideSolutionNode = FALSE
	EndGlobalSection
	GlobalSection(ExtensibilityGlobals) = postSolution
		SolutionGuid = {9545DB79-F86E-4932-BBE1-EECEA0045DB8}
	EndGlobalSection
EndGlobal
